
Microsoft Visual Studio Solution File, Format Version 12.00
# Visual Studio Version 17
VisualStudioVersion = 17.2.32519.379
MinimumVisualStudioVersion = 10.0.40219.1
Project("{9A19103F-16F7-4668-BE54-9A1E7A4F7556}") = "Sprachfeatures", "Sprachfeatures\Sprachfeatures.csproj", "{31732CEB-1EE2-448D-AE52-B6B79F159C6C}"
EndProject
Project("{9A19103F-16F7-4668-BE54-9A1E7A4F7556}") = "TopLevelStatements", "TopLevelStatements\TopLevelStatements.csproj", "{8DB86B6E-CF6E-49BC-8D06-88064029F017}"
EndProject
Project("{9A19103F-16F7-4668-BE54-9A1E7A4F7556}") = "DelegatesEvents", "DelegatesEvents\DelegatesEvents.csproj", "{894F8784-ACB3-441B-88A5-5C87C58073CC}"
EndProject
Project("{9A19103F-16F7-4668-BE54-9A1E7A4F7556}") = "Generics", "Generics\Generics.csproj", "{C6F6D043-1ADE-4018-A735-D9C5D0209BE8}"
EndProject
Project("{9A19103F-16F7-4668-BE54-9A1E7A4F7556}") = "Serialisierung", "Serialisierung\Serialisierung.csproj", "{7ABCC3AA-028D-4A40-8344-44D0DE1157FF}"
EndProject
Project("{FAE04EC0-301F-11D3-BF4B-00C04F79EFBC}") = "Multithreading", "Multithreading\Multithreading.csproj", "{397B6049-997D-4FB2-8D29-78999E336767}"
EndProject
Global
	GlobalSection(SolutionConfigurationPlatforms) = preSolution
		Debug|Any CPU = Debug|Any CPU
		Release|Any CPU = Release|Any CPU
	EndGlobalSection
	GlobalSection(ProjectConfigurationPlatforms) = postSolution
		{31732CEB-1EE2-448D-AE52-B6B79F159C6C}.Debug|Any CPU.ActiveCfg = Debug|Any CPU
		{31732CEB-1EE2-448D-AE52-B6B79F159C6C}.Debug|Any CPU.Build.0 = Debug|Any CPU
		{31732CEB-1EE2-448D-AE52-B6B79F159C6C}.Release|Any CPU.ActiveCfg = Release|Any CPU
		{31732CEB-1EE2-448D-AE52-B6B79F159C6C}.Release|Any CPU.Build.0 = Release|Any CPU
		{8DB86B6E-CF6E-49BC-8D06-88064029F017}.Debug|Any CPU.ActiveCfg = Debug|Any CPU
		{8DB86B6E-CF6E-49BC-8D06-88064029F017}.Debug|Any CPU.Build.0 = Debug|Any CPU
		{8DB86B6E-CF6E-49BC-8D06-88064029F017}.Release|Any CPU.ActiveCfg = Release|Any CPU
		{8DB86B6E-CF6E-49BC-8D06-88064029F017}.Release|Any CPU.Build.0 = Release|Any CPU
		{894F8784-ACB3-441B-88A5-5C87C58073CC}.Debug|Any CPU.ActiveCfg = Debug|Any CPU
		{894F8784-ACB3-441B-88A5-5C87C58073CC}.Debug|Any CPU.Build.0 = Debug|Any CPU
		{894F8784-ACB3-441B-88A5-5C87C58073CC}.Release|Any CPU.ActiveCfg = Release|Any CPU
		{894F8784-ACB3-441B-88A5-5C87C58073CC}.Release|Any CPU.Build.0 = Release|Any CPU
		{C6F6D043-1ADE-4018-A735-D9C5D0209BE8}.Debug|Any CPU.ActiveCfg = Debug|Any CPU
		{C6F6D043-1ADE-4018-A735-D9C5D0209BE8}.Debug|Any CPU.Build.0 = Debug|Any CPU
		{C6F6D043-1ADE-4018-A735-D9C5D0209BE8}.Release|Any CPU.ActiveCfg = Release|Any CPU
		{C6F6D043-1ADE-4018-A735-D9C5D0209BE8}.Release|Any CPU.Build.0 = Release|Any CPU
		{7ABCC3AA-028D-4A40-8344-44D0DE1157FF}.Debug|Any CPU.ActiveCfg = Debug|Any CPU
		{7ABCC3AA-028D-4A40-8344-44D0DE1157FF}.Debug|Any CPU.Build.0 = Debug|Any CPU
		{7ABCC3AA-028D-4A40-8344-44D0DE1157FF}.Release|Any CPU.ActiveCfg = Release|Any CPU
		{7ABCC3AA-028D-4A40-8344-44D0DE1157FF}.Release|Any CPU.Build.0 = Release|Any CPU
		{397B6049-997D-4FB2-8D29-78999E336767}.Debug|Any CPU.ActiveCfg = Debug|Any CPU
		{397B6049-997D-4FB2-8D29-78999E336767}.Debug|Any CPU.Build.0 = Debug|Any CPU
		{397B6049-997D-4FB2-8D29-78999E336767}.Release|Any CPU.ActiveCfg = Release|Any CPU
		{397B6049-997D-4FB2-8D29-78999E336767}.Release|Any CPU.Build.0 = Release|Any CPU
	EndGlobalSection
	GlobalSection(SolutionProperties) = preSolution
		HideSolutionNode = FALSE
	EndGlobalSection
	GlobalSection(ExtensibilityGlobals) = postSolution
		SolutionGuid = {05A4C624-E075-4E38-BA40-3696FB1D0F89}
	EndGlobalSection
EndGlobal
